// !$*UTF8*$!
{
	archiveVersion = 1;
	classes = {
	};
	objectVersion = 56;
	objects = {

/* Begin PBXBuildFile section */
		782D5AD02A467E6E00777655 /* SeparatorLineView.swift in Sources */ = {isa = PBXBuildFile; fileRef = 782D5ACC2A467E6E00777655 /* SeparatorLineView.swift */; };
		782D5AD62A467EDB00777655 /* SF-Pro-Display-Bold.otf in Resources */ = {isa = PBXBuildFile; fileRef = 782D5AD22A467EDB00777655 /* SF-Pro-Display-Bold.otf */; };
		782D5AD72A467EDB00777655 /* SF-Pro-Display-Semibold.otf in Resources */ = {isa = PBXBuildFile; fileRef = 782D5AD32A467EDB00777655 /* SF-Pro-Display-Semibold.otf */; };
		782D5AD82A467EDB00777655 /* SF-ProText-Regular.ttf in Resources */ = {isa = PBXBuildFile; fileRef = 782D5AD42A467EDB00777655 /* SF-ProText-Regular.ttf */; };
		782D5AD92A467EDB00777655 /* SF-ProText-Semibold.ttf in Resources */ = {isa = PBXBuildFile; fileRef = 782D5AD52A467EDB00777655 /* SF-ProText-Semibold.ttf */; };
		782D5AE02A467F3E00777655 /* Date+Extensions.swift in Sources */ = {isa = PBXBuildFile; fileRef = 782D5ADB2A467F3E00777655 /* Date+Extensions.swift */; };
		782D5AE32A467F3E00777655 /* UIViewController+Extensions.swift in Sources */ = {isa = PBXBuildFile; fileRef = 782D5ADE2A467F3E00777655 /* UIViewController+Extensions.swift */; };
		782D5AE42A467F3E00777655 /* UIFont+Extensions.swift in Sources */ = {isa = PBXBuildFile; fileRef = 782D5ADF2A467F3E00777655 /* UIFont+Extensions.swift */; };
		7840C2252A33B4EC00EEA3AF /* AppDelegate.swift in Sources */ = {isa = PBXBuildFile; fileRef = 7840C2242A33B4EC00EEA3AF /* AppDelegate.swift */; };
		7840C2272A33B4EC00EEA3AF /* SceneDelegate.swift in Sources */ = {isa = PBXBuildFile; fileRef = 7840C2262A33B4EC00EEA3AF /* SceneDelegate.swift */; };
		7840C22E2A33B4ED00EEA3AF /* Assets.xcassets in Resources */ = {isa = PBXBuildFile; fileRef = 7840C22D2A33B4ED00EEA3AF /* Assets.xcassets */; };
		7840C2312A33B4ED00EEA3AF /* LaunchScreen.storyboard in Resources */ = {isa = PBXBuildFile; fileRef = 7840C22F2A33B4ED00EEA3AF /* LaunchScreen.storyboard */; };
		7840C2462A33B4ED00EEA3AF /* ToDoListUITests.swift in Sources */ = {isa = PBXBuildFile; fileRef = 7840C2452A33B4ED00EEA3AF /* ToDoListUITests.swift */; };
		7840C2482A33B4ED00EEA3AF /* ToDoListUITestsLaunchTests.swift in Sources */ = {isa = PBXBuildFile; fileRef = 7840C2472A33B4ED00EEA3AF /* ToDoListUITestsLaunchTests.swift */; };
		7840C2592A33B6FF00EEA3AF /* TodoItem.swift in Sources */ = {isa = PBXBuildFile; fileRef = 7840C2582A33B6FF00EEA3AF /* TodoItem.swift */; };
		7840C2612A33D50900EEA3AF /* FileCache.swift in Sources */ = {isa = PBXBuildFile; fileRef = 7840C2602A33D50900EEA3AF /* FileCache.swift */; };
		7840C27A2A350A4600EEA3AF /* ToDoItemTests.swift in Sources */ = {isa = PBXBuildFile; fileRef = 7840C2792A350A4600EEA3AF /* ToDoItemTests.swift */; };
		B3765EA02A4DFCC400FE50D1 /* Resources.swift in Sources */ = {isa = PBXBuildFile; fileRef = B3765E9F2A4DFCC400FE50D1 /* Resources.swift */; };
		B3765EA22A4E0D8200FE50D1 /* UILabel+Extensions.swift in Sources */ = {isa = PBXBuildFile; fileRef = B3765EA12A4E0D8200FE50D1 /* UILabel+Extensions.swift */; };
		B3765EA42A4E0F2A00FE50D1 /* NavBarElements.swift in Sources */ = {isa = PBXBuildFile; fileRef = B3765EA32A4E0F2A00FE50D1 /* NavBarElements.swift */; };
		B3765EAA2A4E147500FE50D1 /* TodoItemSettingsView.swift in Sources */ = {isa = PBXBuildFile; fileRef = B3765EA92A4E147500FE50D1 /* TodoItemSettingsView.swift */; };
		B3765EAE2A4E25A400FE50D1 /* TodoItemViewController.swift in Sources */ = {isa = PBXBuildFile; fileRef = B3765EAD2A4E25A400FE50D1 /* TodoItemViewController.swift */; };
		B3765EB52A4E3BBC00FE50D1 /* DeleteButtonView.swift in Sources */ = {isa = PBXBuildFile; fileRef = B3765EB42A4E3BBC00FE50D1 /* DeleteButtonView.swift */; };
		B3765ECE2A4FB45700FE50D1 /* CocoaLumberjack in Frameworks */ = {isa = PBXBuildFile; productRef = B3765ECD2A4FB45700FE50D1 /* CocoaLumberjack */; };
		B3765ED02A4FB45700FE50D1 /* CocoaLumberjackSwift in Frameworks */ = {isa = PBXBuildFile; productRef = B3765ECF2A4FB45700FE50D1 /* CocoaLumberjackSwift */; };
		B3765ED22A4FB45700FE50D1 /* CocoaLumberjackSwiftLogBackend in Frameworks */ = {isa = PBXBuildFile; productRef = B3765ED12A4FB45700FE50D1 /* CocoaLumberjackSwiftLogBackend */; };
		B3765ED42A4FB49700FE50D1 /* Logger.swift in Sources */ = {isa = PBXBuildFile; fileRef = B3765ED32A4FB49700FE50D1 /* Logger.swift */; };
/* End PBXBuildFile section */

/* Begin PBXContainerItemProxy section */
		7840C2382A33B4ED00EEA3AF /* PBXContainerItemProxy */ = {
			isa = PBXContainerItemProxy;
			containerPortal = 7840C2192A33B4EC00EEA3AF /* Project object */;
			proxyType = 1;
			remoteGlobalIDString = 7840C2202A33B4EC00EEA3AF;
			remoteInfo = ToDoList;
		};
		7840C2422A33B4ED00EEA3AF /* PBXContainerItemProxy */ = {
			isa = PBXContainerItemProxy;
			containerPortal = 7840C2192A33B4EC00EEA3AF /* Project object */;
			proxyType = 1;
			remoteGlobalIDString = 7840C2202A33B4EC00EEA3AF;
			remoteInfo = ToDoList;
		};
/* End PBXContainerItemProxy section */

/* Begin PBXFileReference section */
		782D5ACC2A467E6E00777655 /* SeparatorLineView.swift */ = {isa = PBXFileReference; fileEncoding = 4; lastKnownFileType = sourcecode.swift; path = SeparatorLineView.swift; sourceTree = "<group>"; };
		782D5AD22A467EDB00777655 /* SF-Pro-Display-Bold.otf */ = {isa = PBXFileReference; lastKnownFileType = file; path = "SF-Pro-Display-Bold.otf"; sourceTree = "<group>"; };
		782D5AD32A467EDB00777655 /* SF-Pro-Display-Semibold.otf */ = {isa = PBXFileReference; lastKnownFileType = file; path = "SF-Pro-Display-Semibold.otf"; sourceTree = "<group>"; };
		782D5AD42A467EDB00777655 /* SF-ProText-Regular.ttf */ = {isa = PBXFileReference; lastKnownFileType = file; path = "SF-ProText-Regular.ttf"; sourceTree = "<group>"; };
		782D5AD52A467EDB00777655 /* SF-ProText-Semibold.ttf */ = {isa = PBXFileReference; lastKnownFileType = file; path = "SF-ProText-Semibold.ttf"; sourceTree = "<group>"; };
		782D5ADB2A467F3E00777655 /* Date+Extensions.swift */ = {isa = PBXFileReference; fileEncoding = 4; lastKnownFileType = sourcecode.swift; path = "Date+Extensions.swift"; sourceTree = "<group>"; };
		782D5ADE2A467F3E00777655 /* UIViewController+Extensions.swift */ = {isa = PBXFileReference; fileEncoding = 4; lastKnownFileType = sourcecode.swift; path = "UIViewController+Extensions.swift"; sourceTree = "<group>"; };
		782D5ADF2A467F3E00777655 /* UIFont+Extensions.swift */ = {isa = PBXFileReference; fileEncoding = 4; lastKnownFileType = sourcecode.swift; path = "UIFont+Extensions.swift"; sourceTree = "<group>"; };
		7840C2212A33B4EC00EEA3AF /* ToDoList.app */ = {isa = PBXFileReference; explicitFileType = wrapper.application; includeInIndex = 0; path = ToDoList.app; sourceTree = BUILT_PRODUCTS_DIR; };
		7840C2242A33B4EC00EEA3AF /* AppDelegate.swift */ = {isa = PBXFileReference; lastKnownFileType = sourcecode.swift; path = AppDelegate.swift; sourceTree = "<group>"; };
		7840C2262A33B4EC00EEA3AF /* SceneDelegate.swift */ = {isa = PBXFileReference; lastKnownFileType = sourcecode.swift; path = SceneDelegate.swift; sourceTree = "<group>"; };
		7840C22D2A33B4ED00EEA3AF /* Assets.xcassets */ = {isa = PBXFileReference; lastKnownFileType = folder.assetcatalog; path = Assets.xcassets; sourceTree = "<group>"; };
		7840C2302A33B4ED00EEA3AF /* Base */ = {isa = PBXFileReference; lastKnownFileType = file.storyboard; name = Base; path = Base.lproj/LaunchScreen.storyboard; sourceTree = "<group>"; };
		7840C2322A33B4ED00EEA3AF /* Info.plist */ = {isa = PBXFileReference; lastKnownFileType = text.plist.xml; path = Info.plist; sourceTree = "<group>"; };
		7840C2372A33B4ED00EEA3AF /* ToDoListTests.xctest */ = {isa = PBXFileReference; explicitFileType = wrapper.cfbundle; includeInIndex = 0; path = ToDoListTests.xctest; sourceTree = BUILT_PRODUCTS_DIR; };
		7840C2412A33B4ED00EEA3AF /* ToDoListUITests.xctest */ = {isa = PBXFileReference; explicitFileType = wrapper.cfbundle; includeInIndex = 0; path = ToDoListUITests.xctest; sourceTree = BUILT_PRODUCTS_DIR; };
		7840C2452A33B4ED00EEA3AF /* ToDoListUITests.swift */ = {isa = PBXFileReference; lastKnownFileType = sourcecode.swift; path = ToDoListUITests.swift; sourceTree = "<group>"; };
		7840C2472A33B4ED00EEA3AF /* ToDoListUITestsLaunchTests.swift */ = {isa = PBXFileReference; lastKnownFileType = sourcecode.swift; path = ToDoListUITestsLaunchTests.swift; sourceTree = "<group>"; };
		7840C2582A33B6FF00EEA3AF /* TodoItem.swift */ = {isa = PBXFileReference; lastKnownFileType = sourcecode.swift; path = TodoItem.swift; sourceTree = "<group>"; };
		7840C2602A33D50900EEA3AF /* FileCache.swift */ = {isa = PBXFileReference; lastKnownFileType = sourcecode.swift; path = FileCache.swift; sourceTree = "<group>"; };
		7840C2792A350A4600EEA3AF /* ToDoItemTests.swift */ = {isa = PBXFileReference; lastKnownFileType = sourcecode.swift; path = ToDoItemTests.swift; sourceTree = "<group>"; };
		B3765E9F2A4DFCC400FE50D1 /* Resources.swift */ = {isa = PBXFileReference; lastKnownFileType = sourcecode.swift; path = Resources.swift; sourceTree = "<group>"; };
		B3765EA12A4E0D8200FE50D1 /* UILabel+Extensions.swift */ = {isa = PBXFileReference; lastKnownFileType = sourcecode.swift; path = "UILabel+Extensions.swift"; sourceTree = "<group>"; };
		B3765EA32A4E0F2A00FE50D1 /* NavBarElements.swift */ = {isa = PBXFileReference; lastKnownFileType = sourcecode.swift; path = NavBarElements.swift; sourceTree = "<group>"; };
		B3765EA92A4E147500FE50D1 /* TodoItemSettingsView.swift */ = {isa = PBXFileReference; lastKnownFileType = sourcecode.swift; path = TodoItemSettingsView.swift; sourceTree = "<group>"; };
		B3765EAD2A4E25A400FE50D1 /* TodoItemViewController.swift */ = {isa = PBXFileReference; lastKnownFileType = sourcecode.swift; path = TodoItemViewController.swift; sourceTree = "<group>"; };
		B3765EB42A4E3BBC00FE50D1 /* DeleteButtonView.swift */ = {isa = PBXFileReference; lastKnownFileType = sourcecode.swift; path = DeleteButtonView.swift; sourceTree = "<group>"; };
		B3765ED32A4FB49700FE50D1 /* Logger.swift */ = {isa = PBXFileReference; lastKnownFileType = sourcecode.swift; path = Logger.swift; sourceTree = "<group>"; };
/* End PBXFileReference section */

/* Begin PBXFrameworksBuildPhase section */
		7840C21E2A33B4EC00EEA3AF /* Frameworks */ = {
			isa = PBXFrameworksBuildPhase;
			buildActionMask = 2147483647;
			files = (
				B3765ED02A4FB45700FE50D1 /* CocoaLumberjackSwift in Frameworks */,
				B3765ED22A4FB45700FE50D1 /* CocoaLumberjackSwiftLogBackend in Frameworks */,
				B3765ECE2A4FB45700FE50D1 /* CocoaLumberjack in Frameworks */,
			);
			runOnlyForDeploymentPostprocessing = 0;
		};
		7840C2342A33B4ED00EEA3AF /* Frameworks */ = {
			isa = PBXFrameworksBuildPhase;
			buildActionMask = 2147483647;
			files = (
			);
			runOnlyForDeploymentPostprocessing = 0;
		};
		7840C23E2A33B4ED00EEA3AF /* Frameworks */ = {
			isa = PBXFrameworksBuildPhase;
			buildActionMask = 2147483647;
			files = (
			);
			runOnlyForDeploymentPostprocessing = 0;
		};
/* End PBXFrameworksBuildPhase section */

/* Begin PBXGroup section */
		782D5AC32A467DD000777655 /* TodoItem */ = {
			isa = PBXGroup;
			children = (
				7840C2562A33B6CC00EEA3AF /* Models */,
				782D5AC82A467E6E00777655 /* Views */,
				B3765E9E2A4CEA2300FE50D1 /* Controllers */,
			);
			path = TodoItem;
			sourceTree = "<group>";
		};
		782D5AC82A467E6E00777655 /* Views */ = {
			isa = PBXGroup;
			children = (
				B3765EA92A4E147500FE50D1 /* TodoItemSettingsView.swift */,
				782D5ACC2A467E6E00777655 /* SeparatorLineView.swift */,
				B3765EB42A4E3BBC00FE50D1 /* DeleteButtonView.swift */,
			);
			path = Views;
			sourceTree = "<group>";
		};
		782D5AD12A467EDB00777655 /* Fonts */ = {
			isa = PBXGroup;
			children = (
				782D5AD22A467EDB00777655 /* SF-Pro-Display-Bold.otf */,
				782D5AD32A467EDB00777655 /* SF-Pro-Display-Semibold.otf */,
				782D5AD42A467EDB00777655 /* SF-ProText-Regular.ttf */,
				782D5AD52A467EDB00777655 /* SF-ProText-Semibold.ttf */,
			);
			path = Fonts;
			sourceTree = "<group>";
		};
		782D5ADA2A467F3E00777655 /* Extensions */ = {
			isa = PBXGroup;
			children = (
				782D5ADB2A467F3E00777655 /* Date+Extensions.swift */,
				782D5ADE2A467F3E00777655 /* UIViewController+Extensions.swift */,
				782D5ADF2A467F3E00777655 /* UIFont+Extensions.swift */,
				B3765EA12A4E0D8200FE50D1 /* UILabel+Extensions.swift */,
			);
			path = Extensions;
			sourceTree = "<group>";
		};
		7840C2182A33B4EC00EEA3AF = {
			isa = PBXGroup;
			children = (
				7840C2232A33B4EC00EEA3AF /* ToDoList */,
				7840C23A2A33B4ED00EEA3AF /* ToDoListTests */,
				7840C2442A33B4ED00EEA3AF /* ToDoListUITests */,
				7840C2222A33B4EC00EEA3AF /* Products */,
			);
			sourceTree = "<group>";
		};
		7840C2222A33B4EC00EEA3AF /* Products */ = {
			isa = PBXGroup;
			children = (
				7840C2212A33B4EC00EEA3AF /* ToDoList.app */,
				7840C2372A33B4ED00EEA3AF /* ToDoListTests.xctest */,
				7840C2412A33B4ED00EEA3AF /* ToDoListUITests.xctest */,
			);
			name = Products;
			sourceTree = "<group>";
		};
		7840C2232A33B4EC00EEA3AF /* ToDoList */ = {
			isa = PBXGroup;
			children = (
				7840C2542A33B66100EEA3AF /* Application */,
				7840C25E2A33D44E00EEA3AF /* TodoItemModule */,
				782D5ADA2A467F3E00777655 /* Extensions */,
				7840C25F2A33D4FB00EEA3AF /* Services */,
				B3765E9F2A4DFCC400FE50D1 /* Resources.swift */,
				7840C2552A33B67100EEA3AF /* SupportingFiles */,
			);
			path = ToDoList;
			sourceTree = "<group>";
		};
		7840C23A2A33B4ED00EEA3AF /* ToDoListTests */ = {
			isa = PBXGroup;
			children = (
				7840C2792A350A4600EEA3AF /* ToDoItemTests.swift */,
			);
			path = ToDoListTests;
			sourceTree = "<group>";
		};
		7840C2442A33B4ED00EEA3AF /* ToDoListUITests */ = {
			isa = PBXGroup;
			children = (
				7840C2452A33B4ED00EEA3AF /* ToDoListUITests.swift */,
				7840C2472A33B4ED00EEA3AF /* ToDoListUITestsLaunchTests.swift */,
			);
			path = ToDoListUITests;
			sourceTree = "<group>";
		};
		7840C2542A33B66100EEA3AF /* Application */ = {
			isa = PBXGroup;
			children = (
				7840C2242A33B4EC00EEA3AF /* AppDelegate.swift */,
				7840C2262A33B4EC00EEA3AF /* SceneDelegate.swift */,
				B3765ED32A4FB49700FE50D1 /* Logger.swift */,
			);
			path = Application;
			sourceTree = "<group>";
		};
		7840C2552A33B67100EEA3AF /* SupportingFiles */ = {
			isa = PBXGroup;
			children = (
				782D5AD12A467EDB00777655 /* Fonts */,
				7840C22D2A33B4ED00EEA3AF /* Assets.xcassets */,
				7840C2322A33B4ED00EEA3AF /* Info.plist */,
				7840C22F2A33B4ED00EEA3AF /* LaunchScreen.storyboard */,
			);
			path = SupportingFiles;
			sourceTree = "<group>";
		};
		7840C2562A33B6CC00EEA3AF /* Models */ = {
			isa = PBXGroup;
			children = (
				7840C2582A33B6FF00EEA3AF /* TodoItem.swift */,
				B3765EA32A4E0F2A00FE50D1 /* NavBarElements.swift */,
			);
			path = Models;
			sourceTree = "<group>";
		};
		7840C25E2A33D44E00EEA3AF /* TodoItemModule */ = {
			isa = PBXGroup;
			children = (
				782D5AC32A467DD000777655 /* TodoItem */,
			);
			path = TodoItemModule;
			sourceTree = "<group>";
		};
		7840C25F2A33D4FB00EEA3AF /* Services */ = {
			isa = PBXGroup;
			children = (
				7840C2602A33D50900EEA3AF /* FileCache.swift */,
			);
			path = Services;
			sourceTree = "<group>";
		};
		B3765E9E2A4CEA2300FE50D1 /* Controllers */ = {
			isa = PBXGroup;
			children = (
				B3765EAD2A4E25A400FE50D1 /* TodoItemViewController.swift */,
			);
			path = Controllers;
			sourceTree = "<group>";
		};
/* End PBXGroup section */

/* Begin PBXNativeTarget section */
		7840C2202A33B4EC00EEA3AF /* ToDoList */ = {
			isa = PBXNativeTarget;
			buildConfigurationList = 7840C24B2A33B4ED00EEA3AF /* Build configuration list for PBXNativeTarget "ToDoList" */;
			buildPhases = (
				B3765ED62A4FBE1200FE50D1 /* ShellScript */,
				7840C21D2A33B4EC00EEA3AF /* Sources */,
				7840C21E2A33B4EC00EEA3AF /* Frameworks */,
				7840C21F2A33B4EC00EEA3AF /* Resources */,
			);
			buildRules = (
			);
			dependencies = (
			);
			name = ToDoList;
			packageProductDependencies = (
				B3765ECD2A4FB45700FE50D1 /* CocoaLumberjack */,
				B3765ECF2A4FB45700FE50D1 /* CocoaLumberjackSwift */,
				B3765ED12A4FB45700FE50D1 /* CocoaLumberjackSwiftLogBackend */,
			);
			productName = ToDoList;
			productReference = 7840C2212A33B4EC00EEA3AF /* ToDoList.app */;
			productType = "com.apple.product-type.application";
		};
		7840C2362A33B4ED00EEA3AF /* ToDoListTests */ = {
			isa = PBXNativeTarget;
			buildConfigurationList = 7840C24E2A33B4ED00EEA3AF /* Build configuration list for PBXNativeTarget "ToDoListTests" */;
			buildPhases = (
				7840C2332A33B4ED00EEA3AF /* Sources */,
				7840C2342A33B4ED00EEA3AF /* Frameworks */,
				7840C2352A33B4ED00EEA3AF /* Resources */,
			);
			buildRules = (
			);
			dependencies = (
				7840C2392A33B4ED00EEA3AF /* PBXTargetDependency */,
			);
			name = ToDoListTests;
			productName = ToDoListTests;
			productReference = 7840C2372A33B4ED00EEA3AF /* ToDoListTests.xctest */;
			productType = "com.apple.product-type.bundle.unit-test";
		};
		7840C2402A33B4ED00EEA3AF /* ToDoListUITests */ = {
			isa = PBXNativeTarget;
			buildConfigurationList = 7840C2512A33B4ED00EEA3AF /* Build configuration list for PBXNativeTarget "ToDoListUITests" */;
			buildPhases = (
				7840C23D2A33B4ED00EEA3AF /* Sources */,
				7840C23E2A33B4ED00EEA3AF /* Frameworks */,
				7840C23F2A33B4ED00EEA3AF /* Resources */,
			);
			buildRules = (
			);
			dependencies = (
				7840C2432A33B4ED00EEA3AF /* PBXTargetDependency */,
			);
			name = ToDoListUITests;
			productName = ToDoListUITests;
			productReference = 7840C2412A33B4ED00EEA3AF /* ToDoListUITests.xctest */;
			productType = "com.apple.product-type.bundle.ui-testing";
		};
/* End PBXNativeTarget section */

/* Begin PBXProject section */
		7840C2192A33B4EC00EEA3AF /* Project object */ = {
			isa = PBXProject;
			attributes = {
				BuildIndependentTargetsInParallel = 1;
				KnownAssetTags = (
					New,
				);
				LastSwiftUpdateCheck = 1420;
				LastUpgradeCheck = 1420;
				TargetAttributes = {
					7840C2202A33B4EC00EEA3AF = {
						CreatedOnToolsVersion = 14.2;
					};
					7840C2362A33B4ED00EEA3AF = {
						CreatedOnToolsVersion = 14.2;
						TestTargetID = 7840C2202A33B4EC00EEA3AF;
					};
					7840C2402A33B4ED00EEA3AF = {
						CreatedOnToolsVersion = 14.2;
						TestTargetID = 7840C2202A33B4EC00EEA3AF;
					};
				};
			};
			buildConfigurationList = 7840C21C2A33B4EC00EEA3AF /* Build configuration list for PBXProject "ToDoList" */;
			compatibilityVersion = "Xcode 14.0";
			developmentRegion = en;
			hasScannedForEncodings = 0;
			knownRegions = (
				en,
				Base,
			);
			mainGroup = 7840C2182A33B4EC00EEA3AF;
			packageReferences = (
				B3765ECC2A4FB45700FE50D1 /* XCRemoteSwiftPackageReference "CocoaLumberjack" */,
			);
			productRefGroup = 7840C2222A33B4EC00EEA3AF /* Products */;
			projectDirPath = "";
			projectRoot = "";
			targets = (
				7840C2202A33B4EC00EEA3AF /* ToDoList */,
				7840C2362A33B4ED00EEA3AF /* ToDoListTests */,
				7840C2402A33B4ED00EEA3AF /* ToDoListUITests */,
			);
		};
/* End PBXProject section */

/* Begin PBXResourcesBuildPhase section */
		7840C21F2A33B4EC00EEA3AF /* Resources */ = {
			isa = PBXResourcesBuildPhase;
			buildActionMask = 2147483647;
			files = (
				782D5AD72A467EDB00777655 /* SF-Pro-Display-Semibold.otf in Resources */,
				7840C2312A33B4ED00EEA3AF /* LaunchScreen.storyboard in Resources */,
				782D5AD82A467EDB00777655 /* SF-ProText-Regular.ttf in Resources */,
				7840C22E2A33B4ED00EEA3AF /* Assets.xcassets in Resources */,
				782D5AD62A467EDB00777655 /* SF-Pro-Display-Bold.otf in Resources */,
				782D5AD92A467EDB00777655 /* SF-ProText-Semibold.ttf in Resources */,
			);
			runOnlyForDeploymentPostprocessing = 0;
		};
		7840C2352A33B4ED00EEA3AF /* Resources */ = {
			isa = PBXResourcesBuildPhase;
			buildActionMask = 2147483647;
			files = (
			);
			runOnlyForDeploymentPostprocessing = 0;
		};
		7840C23F2A33B4ED00EEA3AF /* Resources */ = {
			isa = PBXResourcesBuildPhase;
			buildActionMask = 2147483647;
			files = (
			);
			runOnlyForDeploymentPostprocessing = 0;
		};
/* End PBXResourcesBuildPhase section */

/* Begin PBXShellScriptBuildPhase section */
		B3765ED62A4FBE1200FE50D1 /* ShellScript */ = {
			isa = PBXShellScriptBuildPhase;
			buildActionMask = 2147483647;
			files = (
			);
			inputFileListPaths = (
			);
			inputPaths = (
			);
			outputFileListPaths = (
			);
			outputPaths = (
			);
			runOnlyForDeploymentPostprocessing = 0;
			shellPath = /bin/sh;
			shellScript = "if [[ \"$(uname -m)\" == arm64 ]]; then\n    export PATH=\"/opt/homebrew/bin:$PATH\"\nfi\n\nif which swiftlint > /dev/null; then\n  swiftlint\nelse\n  echo \"warning: SwiftLint not installed, download from https://github.com/realm/SwiftLint\"\nfi\n\n";
		};
/* End PBXShellScriptBuildPhase section */

/* Begin PBXSourcesBuildPhase section */
		7840C21D2A33B4EC00EEA3AF /* Sources */ = {
			isa = PBXSourcesBuildPhase;
			buildActionMask = 2147483647;
			files = (
				7840C2252A33B4EC00EEA3AF /* AppDelegate.swift in Sources */,
				782D5AE02A467F3E00777655 /* Date+Extensions.swift in Sources */,
				7840C2592A33B6FF00EEA3AF /* TodoItem.swift in Sources */,
				782D5AD02A467E6E00777655 /* SeparatorLineView.swift in Sources */,
				B3765EA22A4E0D8200FE50D1 /* UILabel+Extensions.swift in Sources */,
				B3765EA42A4E0F2A00FE50D1 /* NavBarElements.swift in Sources */,
				782D5AE32A467F3E00777655 /* UIViewController+Extensions.swift in Sources */,
				B3765EA02A4DFCC400FE50D1 /* Resources.swift in Sources */,
				782D5AE42A467F3E00777655 /* UIFont+Extensions.swift in Sources */,
				B3765EAA2A4E147500FE50D1 /* TodoItemSettingsView.swift in Sources */,
				B3765ED42A4FB49700FE50D1 /* Logger.swift in Sources */,
				7840C2272A33B4EC00EEA3AF /* SceneDelegate.swift in Sources */,
				B3765EB52A4E3BBC00FE50D1 /* DeleteButtonView.swift in Sources */,
				B3765EAE2A4E25A400FE50D1 /* TodoItemViewController.swift in Sources */,
				7840C2612A33D50900EEA3AF /* FileCache.swift in Sources */,
			);
			runOnlyForDeploymentPostprocessing = 0;
		};
		7840C2332A33B4ED00EEA3AF /* Sources */ = {
			isa = PBXSourcesBuildPhase;
			buildActionMask = 2147483647;
			files = (
				7840C27A2A350A4600EEA3AF /* ToDoItemTests.swift in Sources */,
			);
			runOnlyForDeploymentPostprocessing = 0;
		};
		7840C23D2A33B4ED00EEA3AF /* Sources */ = {
			isa = PBXSourcesBuildPhase;
			buildActionMask = 2147483647;
			files = (
				7840C2482A33B4ED00EEA3AF /* ToDoListUITestsLaunchTests.swift in Sources */,
				7840C2462A33B4ED00EEA3AF /* ToDoListUITests.swift in Sources */,
			);
			runOnlyForDeploymentPostprocessing = 0;
		};
/* End PBXSourcesBuildPhase section */

/* Begin PBXTargetDependency section */
		7840C2392A33B4ED00EEA3AF /* PBXTargetDependency */ = {
			isa = PBXTargetDependency;
			target = 7840C2202A33B4EC00EEA3AF /* ToDoList */;
			targetProxy = 7840C2382A33B4ED00EEA3AF /* PBXContainerItemProxy */;
		};
		7840C2432A33B4ED00EEA3AF /* PBXTargetDependency */ = {
			isa = PBXTargetDependency;
			target = 7840C2202A33B4EC00EEA3AF /* ToDoList */;
			targetProxy = 7840C2422A33B4ED00EEA3AF /* PBXContainerItemProxy */;
		};
/* End PBXTargetDependency section */

/* Begin PBXVariantGroup section */
		7840C22F2A33B4ED00EEA3AF /* LaunchScreen.storyboard */ = {
			isa = PBXVariantGroup;
			children = (
				7840C2302A33B4ED00EEA3AF /* Base */,
			);
			name = LaunchScreen.storyboard;
			sourceTree = "<group>";
		};
/* End PBXVariantGroup section */

/* Begin XCBuildConfiguration section */
		7840C2492A33B4ED00EEA3AF /* Debug */ = {
			isa = XCBuildConfiguration;
			buildSettings = {
				ALWAYS_SEARCH_USER_PATHS = NO;
				CLANG_ANALYZER_NONNULL = YES;
				CLANG_ANALYZER_NUMBER_OBJECT_CONVERSION = YES_AGGRESSIVE;
				CLANG_CXX_LANGUAGE_STANDARD = "gnu++20";
				CLANG_ENABLE_MODULES = YES;
				CLANG_ENABLE_OBJC_ARC = YES;
				CLANG_ENABLE_OBJC_WEAK = YES;
				CLANG_WARN_BLOCK_CAPTURE_AUTORELEASING = YES;
				CLANG_WARN_BOOL_CONVERSION = YES;
				CLANG_WARN_COMMA = YES;
				CLANG_WARN_CONSTANT_CONVERSION = YES;
				CLANG_WARN_DEPRECATED_OBJC_IMPLEMENTATIONS = YES;
				CLANG_WARN_DIRECT_OBJC_ISA_USAGE = YES_ERROR;
				CLANG_WARN_DOCUMENTATION_COMMENTS = YES;
				CLANG_WARN_EMPTY_BODY = YES;
				CLANG_WARN_ENUM_CONVERSION = YES;
				CLANG_WARN_INFINITE_RECURSION = YES;
				CLANG_WARN_INT_CONVERSION = YES;
				CLANG_WARN_NON_LITERAL_NULL_CONVERSION = YES;
				CLANG_WARN_OBJC_IMPLICIT_RETAIN_SELF = YES;
				CLANG_WARN_OBJC_LITERAL_CONVERSION = YES;
				CLANG_WARN_OBJC_ROOT_CLASS = YES_ERROR;
				CLANG_WARN_QUOTED_INCLUDE_IN_FRAMEWORK_HEADER = YES;
				CLANG_WARN_RANGE_LOOP_ANALYSIS = YES;
				CLANG_WARN_STRICT_PROTOTYPES = YES;
				CLANG_WARN_SUSPICIOUS_MOVE = YES;
				CLANG_WARN_UNGUARDED_AVAILABILITY = YES_AGGRESSIVE;
				CLANG_WARN_UNREACHABLE_CODE = YES;
				CLANG_WARN__DUPLICATE_METHOD_MATCH = YES;
				COPY_PHASE_STRIP = NO;
				DEBUG_INFORMATION_FORMAT = dwarf;
				ENABLE_STRICT_OBJC_MSGSEND = YES;
				ENABLE_TESTABILITY = YES;
				GCC_C_LANGUAGE_STANDARD = gnu11;
				GCC_DYNAMIC_NO_PIC = NO;
				GCC_NO_COMMON_BLOCKS = YES;
				GCC_OPTIMIZATION_LEVEL = 0;
				GCC_PREPROCESSOR_DEFINITIONS = (
					"DEBUG=1",
					"$(inherited)",
				);
				GCC_WARN_64_TO_32_BIT_CONVERSION = YES;
				GCC_WARN_ABOUT_RETURN_TYPE = YES_ERROR;
				GCC_WARN_UNDECLARED_SELECTOR = YES;
				GCC_WARN_UNINITIALIZED_AUTOS = YES_AGGRESSIVE;
				GCC_WARN_UNUSED_FUNCTION = YES;
				GCC_WARN_UNUSED_VARIABLE = YES;
				IPHONEOS_DEPLOYMENT_TARGET = 16.2;
				MTL_ENABLE_DEBUG_INFO = INCLUDE_SOURCE;
				MTL_FAST_MATH = YES;
				ONLY_ACTIVE_ARCH = YES;
				SDKROOT = iphoneos;
				SWIFT_ACTIVE_COMPILATION_CONDITIONS = DEBUG;
				SWIFT_OPTIMIZATION_LEVEL = "-Onone";
			};
			name = Debug;
		};
		7840C24A2A33B4ED00EEA3AF /* Release */ = {
			isa = XCBuildConfiguration;
			buildSettings = {
				ALWAYS_SEARCH_USER_PATHS = NO;
				CLANG_ANALYZER_NONNULL = YES;
				CLANG_ANALYZER_NUMBER_OBJECT_CONVERSION = YES_AGGRESSIVE;
				CLANG_CXX_LANGUAGE_STANDARD = "gnu++20";
				CLANG_ENABLE_MODULES = YES;
				CLANG_ENABLE_OBJC_ARC = YES;
				CLANG_ENABLE_OBJC_WEAK = YES;
				CLANG_WARN_BLOCK_CAPTURE_AUTORELEASING = YES;
				CLANG_WARN_BOOL_CONVERSION = YES;
				CLANG_WARN_COMMA = YES;
				CLANG_WARN_CONSTANT_CONVERSION = YES;
				CLANG_WARN_DEPRECATED_OBJC_IMPLEMENTATIONS = YES;
				CLANG_WARN_DIRECT_OBJC_ISA_USAGE = YES_ERROR;
				CLANG_WARN_DOCUMENTATION_COMMENTS = YES;
				CLANG_WARN_EMPTY_BODY = YES;
				CLANG_WARN_ENUM_CONVERSION = YES;
				CLANG_WARN_INFINITE_RECURSION = YES;
				CLANG_WARN_INT_CONVERSION = YES;
				CLANG_WARN_NON_LITERAL_NULL_CONVERSION = YES;
				CLANG_WARN_OBJC_IMPLICIT_RETAIN_SELF = YES;
				CLANG_WARN_OBJC_LITERAL_CONVERSION = YES;
				CLANG_WARN_OBJC_ROOT_CLASS = YES_ERROR;
				CLANG_WARN_QUOTED_INCLUDE_IN_FRAMEWORK_HEADER = YES;
				CLANG_WARN_RANGE_LOOP_ANALYSIS = YES;
				CLANG_WARN_STRICT_PROTOTYPES = YES;
				CLANG_WARN_SUSPICIOUS_MOVE = YES;
				CLANG_WARN_UNGUARDED_AVAILABILITY = YES_AGGRESSIVE;
				CLANG_WARN_UNREACHABLE_CODE = YES;
				CLANG_WARN__DUPLICATE_METHOD_MATCH = YES;
				COPY_PHASE_STRIP = NO;
				DEBUG_INFORMATION_FORMAT = "dwarf-with-dsym";
				ENABLE_NS_ASSERTIONS = NO;
				ENABLE_STRICT_OBJC_MSGSEND = YES;
				GCC_C_LANGUAGE_STANDARD = gnu11;
				GCC_NO_COMMON_BLOCKS = YES;
				GCC_WARN_64_TO_32_BIT_CONVERSION = YES;
				GCC_WARN_ABOUT_RETURN_TYPE = YES_ERROR;
				GCC_WARN_UNDECLARED_SELECTOR = YES;
				GCC_WARN_UNINITIALIZED_AUTOS = YES_AGGRESSIVE;
				GCC_WARN_UNUSED_FUNCTION = YES;
				GCC_WARN_UNUSED_VARIABLE = YES;
				IPHONEOS_DEPLOYMENT_TARGET = 16.2;
				MTL_ENABLE_DEBUG_INFO = NO;
				MTL_FAST_MATH = YES;
				SDKROOT = iphoneos;
				SWIFT_COMPILATION_MODE = wholemodule;
				SWIFT_OPTIMIZATION_LEVEL = "-O";
				VALIDATE_PRODUCT = YES;
			};
			name = Release;
		};
		7840C24C2A33B4ED00EEA3AF /* Debug */ = {
			isa = XCBuildConfiguration;
			buildSettings = {
				ASSETCATALOG_COMPILER_APPICON_NAME = AppIcon;
				ASSETCATALOG_COMPILER_GLOBAL_ACCENT_COLOR_NAME = AccentColor;
				CODE_SIGN_STYLE = Automatic;
				CURRENT_PROJECT_VERSION = 1;
				DEVELOPMENT_TEAM = F7C5X72NM7;
				GENERATE_INFOPLIST_FILE = YES;
				INFOPLIST_FILE = ToDoList/SupportingFiles/Info.plist;
				INFOPLIST_KEY_UIApplicationSupportsIndirectInputEvents = YES;
				INFOPLIST_KEY_UILaunchStoryboardName = LaunchScreen;
				INFOPLIST_KEY_UIMainStoryboardFile = "";
				INFOPLIST_KEY_UISupportedInterfaceOrientations_iPad = "UIInterfaceOrientationPortrait UIInterfaceOrientationPortraitUpsideDown UIInterfaceOrientationLandscapeLeft UIInterfaceOrientationLandscapeRight";
				INFOPLIST_KEY_UISupportedInterfaceOrientations_iPhone = "UIInterfaceOrientationPortrait UIInterfaceOrientationLandscapeLeft UIInterfaceOrientationLandscapeRight";
				IPHONEOS_DEPLOYMENT_TARGET = 15.0;
				LD_RUNPATH_SEARCH_PATHS = (
					"$(inherited)",
					"@executable_path/Frameworks",
				);
				MARKETING_VERSION = 1.0;
				PRODUCT_BUNDLE_IDENTIFIER = com.definex.ToDoList;
				PRODUCT_NAME = "$(TARGET_NAME)";
				SUPPORTED_PLATFORMS = "iphoneos iphonesimulator";
				SUPPORTS_MACCATALYST = NO;
				SUPPORTS_MAC_DESIGNED_FOR_IPHONE_IPAD = NO;
				SWIFT_EMIT_LOC_STRINGS = YES;
				SWIFT_VERSION = 5.0;
				TARGETED_DEVICE_FAMILY = "1,2";
			};
			name = Debug;
		};
		7840C24D2A33B4ED00EEA3AF /* Release */ = {
			isa = XCBuildConfiguration;
			buildSettings = {
				ASSETCATALOG_COMPILER_APPICON_NAME = AppIcon;
				ASSETCATALOG_COMPILER_GLOBAL_ACCENT_COLOR_NAME = AccentColor;
				CODE_SIGN_STYLE = Automatic;
				CURRENT_PROJECT_VERSION = 1;
				DEVELOPMENT_TEAM = F7C5X72NM7;
				GENERATE_INFOPLIST_FILE = YES;
				INFOPLIST_FILE = ToDoList/SupportingFiles/Info.plist;
				INFOPLIST_KEY_UIApplicationSupportsIndirectInputEvents = YES;
				INFOPLIST_KEY_UILaunchStoryboardName = LaunchScreen;
				INFOPLIST_KEY_UIMainStoryboardFile = "";
				INFOPLIST_KEY_UISupportedInterfaceOrientations_iPad = "UIInterfaceOrientationPortrait UIInterfaceOrientationPortraitUpsideDown UIInterfaceOrientationLandscapeLeft UIInterfaceOrientationLandscapeRight";
				INFOPLIST_KEY_UISupportedInterfaceOrientations_iPhone = "UIInterfaceOrientationPortrait UIInterfaceOrientationLandscapeLeft UIInterfaceOrientationLandscapeRight";
				IPHONEOS_DEPLOYMENT_TARGET = 15.0;
				LD_RUNPATH_SEARCH_PATHS = (
					"$(inherited)",
					"@executable_path/Frameworks",
				);
				MARKETING_VERSION = 1.0;
				PRODUCT_BUNDLE_IDENTIFIER = com.definex.ToDoList;
				PRODUCT_NAME = "$(TARGET_NAME)";
				SUPPORTED_PLATFORMS = "iphoneos iphonesimulator";
				SUPPORTS_MACCATALYST = NO;
				SUPPORTS_MAC_DESIGNED_FOR_IPHONE_IPAD = NO;
				SWIFT_EMIT_LOC_STRINGS = YES;
				SWIFT_VERSION = 5.0;
				TARGETED_DEVICE_FAMILY = "1,2";
			};
			name = Release;
		};
		7840C24F2A33B4ED00EEA3AF /* Debug */ = {
			isa = XCBuildConfiguration;
			buildSettings = {
				ALWAYS_EMBED_SWIFT_STANDARD_LIBRARIES = YES;
				BUNDLE_LOADER = "$(TEST_HOST)";
				CODE_SIGN_STYLE = Automatic;
				CURRENT_PROJECT_VERSION = 1;
				DEVELOPMENT_TEAM = F7C5X72NM7;
				GENERATE_INFOPLIST_FILE = YES;
				IPHONEOS_DEPLOYMENT_TARGET = 16.2;
				MARKETING_VERSION = 1.0;
				PRODUCT_BUNDLE_IDENTIFIER = com.definex.ToDoListTests;
				PRODUCT_NAME = "$(TARGET_NAME)";
				SUPPORTED_PLATFORMS = "iphoneos iphonesimulator";
				SUPPORTS_MACCATALYST = NO;
				SUPPORTS_MAC_DESIGNED_FOR_IPHONE_IPAD = NO;
				SWIFT_EMIT_LOC_STRINGS = NO;
				SWIFT_VERSION = 5.0;
				TARGETED_DEVICE_FAMILY = "1,2";
				TEST_HOST = "$(BUILT_PRODUCTS_DIR)/ToDoList.app/$(BUNDLE_EXECUTABLE_FOLDER_PATH)/ToDoList";
			};
			name = Debug;
		};
		7840C2502A33B4ED00EEA3AF /* Release */ = {
			isa = XCBuildConfiguration;
			buildSettings = {
				ALWAYS_EMBED_SWIFT_STANDARD_LIBRARIES = YES;
				BUNDLE_LOADER = "$(TEST_HOST)";
				CODE_SIGN_STYLE = Automatic;
				CURRENT_PROJECT_VERSION = 1;
				DEVELOPMENT_TEAM = F7C5X72NM7;
				GENERATE_INFOPLIST_FILE = YES;
				IPHONEOS_DEPLOYMENT_TARGET = 16.2;
				MARKETING_VERSION = 1.0;
				PRODUCT_BUNDLE_IDENTIFIER = com.definex.ToDoListTests;
				PRODUCT_NAME = "$(TARGET_NAME)";
				SUPPORTED_PLATFORMS = "iphoneos iphonesimulator";
				SUPPORTS_MACCATALYST = NO;
				SUPPORTS_MAC_DESIGNED_FOR_IPHONE_IPAD = NO;
				SWIFT_EMIT_LOC_STRINGS = NO;
				SWIFT_VERSION = 5.0;
				TARGETED_DEVICE_FAMILY = "1,2";
				TEST_HOST = "$(BUILT_PRODUCTS_DIR)/ToDoList.app/$(BUNDLE_EXECUTABLE_FOLDER_PATH)/ToDoList";
			};
			name = Release;
		};
		7840C2522A33B4ED00EEA3AF /* Debug */ = {
			isa = XCBuildConfiguration;
			buildSettings = {
				ALWAYS_EMBED_SWIFT_STANDARD_LIBRARIES = YES;
				CODE_SIGN_STYLE = Automatic;
				CURRENT_PROJECT_VERSION = 1;
				DEVELOPMENT_TEAM = F7C5X72NM7;
				GENERATE_INFOPLIST_FILE = YES;
				MARKETING_VERSION = 1.0;
				PRODUCT_BUNDLE_IDENTIFIER = com.definex.ToDoListUITests;
				PRODUCT_NAME = "$(TARGET_NAME)";
				SUPPORTED_PLATFORMS = "iphoneos iphonesimulator";
				SUPPORTS_MACCATALYST = NO;
				SUPPORTS_MAC_DESIGNED_FOR_IPHONE_IPAD = NO;
				SWIFT_EMIT_LOC_STRINGS = NO;
				SWIFT_VERSION = 5.0;
				TARGETED_DEVICE_FAMILY = "1,2";
				TEST_TARGET_NAME = ToDoList;
			};
			name = Debug;
		};
		7840C2532A33B4ED00EEA3AF /* Release */ = {
			isa = XCBuildConfiguration;
			buildSettings = {
				ALWAYS_EMBED_SWIFT_STANDARD_LIBRARIES = YES;
				CODE_SIGN_STYLE = Automatic;
				CURRENT_PROJECT_VERSION = 1;
				DEVELOPMENT_TEAM = F7C5X72NM7;
				GENERATE_INFOPLIST_FILE = YES;
				MARKETING_VERSION = 1.0;
				PRODUCT_BUNDLE_IDENTIFIER = com.definex.ToDoListUITests;
				PRODUCT_NAME = "$(TARGET_NAME)";
				SUPPORTED_PLATFORMS = "iphoneos iphonesimulator";
				SUPPORTS_MACCATALYST = NO;
				SUPPORTS_MAC_DESIGNED_FOR_IPHONE_IPAD = NO;
				SWIFT_EMIT_LOC_STRINGS = NO;
				SWIFT_VERSION = 5.0;
				TARGETED_DEVICE_FAMILY = "1,2";
				TEST_TARGET_NAME = ToDoList;
			};
			name = Release;
		};
/* End XCBuildConfiguration section */

/* Begin XCConfigurationList section */
		7840C21C2A33B4EC00EEA3AF /* Build configuration list for PBXProject "ToDoList" */ = {
			isa = XCConfigurationList;
			buildConfigurations = (
				7840C2492A33B4ED00EEA3AF /* Debug */,
				7840C24A2A33B4ED00EEA3AF /* Release */,
			);
			defaultConfigurationIsVisible = 0;
			defaultConfigurationName = Release;
		};
		7840C24B2A33B4ED00EEA3AF /* Build configuration list for PBXNativeTarget "ToDoList" */ = {
			isa = XCConfigurationList;
			buildConfigurations = (
				7840C24C2A33B4ED00EEA3AF /* Debug */,
				7840C24D2A33B4ED00EEA3AF /* Release */,
			);
			defaultConfigurationIsVisible = 0;
			defaultConfigurationName = Release;
		};
		7840C24E2A33B4ED00EEA3AF /* Build configuration list for PBXNativeTarget "ToDoListTests" */ = {
			isa = XCConfigurationList;
			buildConfigurations = (
				7840C24F2A33B4ED00EEA3AF /* Debug */,
				7840C2502A33B4ED00EEA3AF /* Release */,
			);
			defaultConfigurationIsVisible = 0;
			defaultConfigurationName = Release;
		};
		7840C2512A33B4ED00EEA3AF /* Build configuration list for PBXNativeTarget "ToDoListUITests" */ = {
			isa = XCConfigurationList;
			buildConfigurations = (
				7840C2522A33B4ED00EEA3AF /* Debug */,
				7840C2532A33B4ED00EEA3AF /* Release */,
			);
			defaultConfigurationIsVisible = 0;
			defaultConfigurationName = Release;
		};
/* End XCConfigurationList section */

/* Begin XCRemoteSwiftPackageReference section */
		B3765ECC2A4FB45700FE50D1 /* XCRemoteSwiftPackageReference "CocoaLumberjack" */ = {
			isa = XCRemoteSwiftPackageReference;
			repositoryURL = "https://github.com/CocoaLumberjack/CocoaLumberjack.git";
			requirement = {
				kind = upToNextMajorVersion;
				minimumVersion = 3.0.0;
			};
		};
/* End XCRemoteSwiftPackageReference section */

/* Begin XCSwiftPackageProductDependency section */
		B3765ECD2A4FB45700FE50D1 /* CocoaLumberjack */ = {
			isa = XCSwiftPackageProductDependency;
			package = B3765ECC2A4FB45700FE50D1 /* XCRemoteSwiftPackageReference "CocoaLumberjack" */;
			productName = CocoaLumberjack;
		};
		B3765ECF2A4FB45700FE50D1 /* CocoaLumberjackSwift */ = {
			isa = XCSwiftPackageProductDependency;
			package = B3765ECC2A4FB45700FE50D1 /* XCRemoteSwiftPackageReference "CocoaLumberjack" */;
			productName = CocoaLumberjackSwift;
		};
		B3765ED12A4FB45700FE50D1 /* CocoaLumberjackSwiftLogBackend */ = {
			isa = XCSwiftPackageProductDependency;
			package = B3765ECC2A4FB45700FE50D1 /* XCRemoteSwiftPackageReference "CocoaLumberjack" */;
			productName = CocoaLumberjackSwiftLogBackend;
		};
/* End XCSwiftPackageProductDependency section */
	};
	rootObject = 7840C2192A33B4EC00EEA3AF /* Project object */;
}
